
Microsoft Visual Studio Solution File, Format Version 12.00
# Visual Studio Version 17
VisualStudioVersion = 17.1.32421.90
MinimumVisualStudioVersion = 10.0.40219.1
Project("{FAE04EC0-301F-11D3-BF4B-00C04F79EFBC}") = "OGFoodAPI", "OGFoodAPI\OGFoodAPI.csproj", "{17064B2D-84C0-40DA-A2E1-D92FA1B1EF21}"
EndProject
Global
	GlobalSection(SolutionConfigurationPlatforms) = preSolution
		Debug|Any CPU = Debug|Any CPU
		Release|Any CPU = Release|Any CPU
	EndGlobalSection
	GlobalSection(ProjectConfigurationPlatforms) = postSolution
		{17064B2D-84C0-40DA-A2E1-D92FA1B1EF21}.Debug|Any CPU.ActiveCfg = Debug|Any CPU
		{17064B2D-84C0-40DA-A2E1-D92FA1B1EF21}.Debug|Any CPU.Build.0 = Debug|Any CPU
		{17064B2D-84C0-40DA-A2E1-D92FA1B1EF21}.Release|Any CPU.ActiveCfg = Release|Any CPU
		{17064B2D-84C0-40DA-A2E1-D92FA1B1EF21}.Release|Any CPU.Build.0 = Release|Any CPU
	EndGlobalSection
	GlobalSection(SolutionProperties) = preSolution
		HideSolutionNode = FALSE
	EndGlobalSection
	GlobalSection(ExtensibilityGlobals) = postSolution
		SolutionGuid = {C19C6C1D-6DCC-4D33-963A-F64980BFDB6D}
	EndGlobalSection
EndGlobal
